// !$*UTF8*$!
{
	archiveVersion = 1;
	classes = {
	};
	objectVersion = 46;
	objects = {

/* Begin PBXBuildFile section */
		2CFC5D5F9CA7569173A43B60 /* Pods_Lock_v1UITests.framework in Frameworks */ = {isa = PBXBuildFile; fileRef = 28E6CDCDFC09E2EB536BF1F2 /* Pods_Lock_v1UITests.framework */; };
		561C18CD1E01ED76006172E5 /* AppDelegate.swift in Sources */ = {isa = PBXBuildFile; fileRef = 561C18CC1E01ED76006172E5 /* AppDelegate.swift */; };
		561C18CF1E01ED76006172E5 /* ViewController.swift in Sources */ = {isa = PBXBuildFile; fileRef = 561C18CE1E01ED76006172E5 /* ViewController.swift */; };
		561C18D21E01ED76006172E5 /* Main.storyboard in Resources */ = {isa = PBXBuildFile; fileRef = 561C18D01E01ED76006172E5 /* Main.storyboard */; };
		561C18D41E01ED76006172E5 /* Assets.xcassets in Resources */ = {isa = PBXBuildFile; fileRef = 561C18D31E01ED76006172E5 /* Assets.xcassets */; };
		561C18D71E01ED76006172E5 /* LaunchScreen.storyboard in Resources */ = {isa = PBXBuildFile; fileRef = 561C18D51E01ED76006172E5 /* LaunchScreen.storyboard */; };
		561C18E21E01ED76006172E5 /* Lock_v1Tests.swift in Sources */ = {isa = PBXBuildFile; fileRef = 561C18E11E01ED76006172E5 /* Lock_v1Tests.swift */; };
		561C18ED1E01ED76006172E5 /* Lock_v1UITests.swift in Sources */ = {isa = PBXBuildFile; fileRef = 561C18EC1E01ED76006172E5 /* Lock_v1UITests.swift */; };
		561C18FB1E031224006172E5 /* Default-568h@2x.png in Resources */ = {isa = PBXBuildFile; fileRef = 561C18FA1E031224006172E5 /* Default-568h@2x.png */; };
		5671E1961E3792900031AD69 /* AdminToolsViewController.swift in Sources */ = {isa = PBXBuildFile; fileRef = 5671E1951E3792900031AD69 /* AdminToolsViewController.swift */; };
		56AB66AE1E351A3700ADF4C1 /* RegisterPageViewController.swift in Sources */ = {isa = PBXBuildFile; fileRef = 56AB66AD1E351A3700ADF4C1 /* RegisterPageViewController.swift */; };
		56AB66B01E351D9900ADF4C1 /* LoginViewController.swift in Sources */ = {isa = PBXBuildFile; fileRef = 56AB66AF1E351D9900ADF4C1 /* LoginViewController.swift */; };
		B02E82310BF50D969D1E5667 /* Pods_Lock_v1Tests.framework in Frameworks */ = {isa = PBXBuildFile; fileRef = 9D36824FFA0D4952BFF375CD /* Pods_Lock_v1Tests.framework */; };
		B6A0C16F41F6DCB30A761B48 /* Pods_Lock_v1.framework in Frameworks */ = {isa = PBXBuildFile; fileRef = F65BECB7ADA23E8BBDD48221 /* Pods_Lock_v1.framework */; };
/* End PBXBuildFile section */

/* Begin PBXContainerItemProxy section */
		561C18DE1E01ED76006172E5 /* PBXContainerItemProxy */ = {
			isa = PBXContainerItemProxy;
			containerPortal = 561C18C11E01ED76006172E5 /* Project object */;
			proxyType = 1;
			remoteGlobalIDString = 561C18C81E01ED76006172E5;
			remoteInfo = Lock_v1;
		};
		561C18E91E01ED76006172E5 /* PBXContainerItemProxy */ = {
			isa = PBXContainerItemProxy;
			containerPortal = 561C18C11E01ED76006172E5 /* Project object */;
			proxyType = 1;
			remoteGlobalIDString = 561C18C81E01ED76006172E5;
			remoteInfo = Lock_v1;
		};
/* End PBXContainerItemProxy section */

/* Begin PBXFileReference section */
		28E6CDCDFC09E2EB536BF1F2 /* Pods_Lock_v1UITests.framework */ = {isa = PBXFileReference; explicitFileType = wrapper.framework; includeInIndex = 0; path = Pods_Lock_v1UITests.framework; sourceTree = BUILT_PRODUCTS_DIR; };
		2DD6F65FACAA0021065E65B1 /* Pods-Lock_v1.release.xcconfig */ = {isa = PBXFileReference; includeInIndex = 1; lastKnownFileType = text.xcconfig; name = "Pods-Lock_v1.release.xcconfig"; path = "Pods/Target Support Files/Pods-Lock_v1/Pods-Lock_v1.release.xcconfig"; sourceTree = "<group>"; };
		3EB13707D712DD1BDC1B1CC0 /* Pods-Lock_v1UITests.release.xcconfig */ = {isa = PBXFileReference; includeInIndex = 1; lastKnownFileType = text.xcconfig; name = "Pods-Lock_v1UITests.release.xcconfig"; path = "Pods/Target Support Files/Pods-Lock_v1UITests/Pods-Lock_v1UITests.release.xcconfig"; sourceTree = "<group>"; };
		51B68BD5C2C6D9222187BD15 /* Pods-Lock_v1.debug.xcconfig */ = {isa = PBXFileReference; includeInIndex = 1; lastKnownFileType = text.xcconfig; name = "Pods-Lock_v1.debug.xcconfig"; path = "Pods/Target Support Files/Pods-Lock_v1/Pods-Lock_v1.debug.xcconfig"; sourceTree = "<group>"; };
		561C18C91E01ED76006172E5 /* Lock_v1.app */ = {isa = PBXFileReference; explicitFileType = wrapper.application; includeInIndex = 0; path = Lock_v1.app; sourceTree = BUILT_PRODUCTS_DIR; };
		561C18CC1E01ED76006172E5 /* AppDelegate.swift */ = {isa = PBXFileReference; lastKnownFileType = sourcecode.swift; path = AppDelegate.swift; sourceTree = "<group>"; };
		561C18CE1E01ED76006172E5 /* ViewController.swift */ = {isa = PBXFileReference; lastKnownFileType = sourcecode.swift; path = ViewController.swift; sourceTree = "<group>"; };
		561C18D11E01ED76006172E5 /* Base */ = {isa = PBXFileReference; lastKnownFileType = file.storyboard; name = Base; path = Base.lproj/Main.storyboard; sourceTree = "<group>"; };
		561C18D31E01ED76006172E5 /* Assets.xcassets */ = {isa = PBXFileReference; lastKnownFileType = folder.assetcatalog; path = Assets.xcassets; sourceTree = "<group>"; };
		561C18D61E01ED76006172E5 /* Base */ = {isa = PBXFileReference; lastKnownFileType = file.storyboard; name = Base; path = Base.lproj/LaunchScreen.storyboard; sourceTree = "<group>"; };
		561C18D81E01ED76006172E5 /* Info.plist */ = {isa = PBXFileReference; lastKnownFileType = text.plist.xml; path = Info.plist; sourceTree = "<group>"; };
		561C18DD1E01ED76006172E5 /* Lock_v1Tests.xctest */ = {isa = PBXFileReference; explicitFileType = wrapper.cfbundle; includeInIndex = 0; path = Lock_v1Tests.xctest; sourceTree = BUILT_PRODUCTS_DIR; };
		561C18E11E01ED76006172E5 /* Lock_v1Tests.swift */ = {isa = PBXFileReference; lastKnownFileType = sourcecode.swift; path = Lock_v1Tests.swift; sourceTree = "<group>"; };
		561C18E31E01ED76006172E5 /* Info.plist */ = {isa = PBXFileReference; lastKnownFileType = text.plist.xml; path = Info.plist; sourceTree = "<group>"; };
		561C18E81E01ED76006172E5 /* Lock_v1UITests.xctest */ = {isa = PBXFileReference; explicitFileType = wrapper.cfbundle; includeInIndex = 0; path = Lock_v1UITests.xctest; sourceTree = BUILT_PRODUCTS_DIR; };
		561C18EC1E01ED76006172E5 /* Lock_v1UITests.swift */ = {isa = PBXFileReference; lastKnownFileType = sourcecode.swift; path = Lock_v1UITests.swift; sourceTree = "<group>"; };
		561C18EE1E01ED76006172E5 /* Info.plist */ = {isa = PBXFileReference; lastKnownFileType = text.plist.xml; path = Info.plist; sourceTree = "<group>"; };
		561C18FA1E031224006172E5 /* Default-568h@2x.png */ = {isa = PBXFileReference; lastKnownFileType = image.png; path = "Default-568h@2x.png"; sourceTree = "<group>"; };
		5671E1951E3792900031AD69 /* AdminToolsViewController.swift */ = {isa = PBXFileReference; fileEncoding = 4; lastKnownFileType = sourcecode.swift; path = AdminToolsViewController.swift; sourceTree = "<group>"; };
		56AB66AD1E351A3700ADF4C1 /* RegisterPageViewController.swift */ = {isa = PBXFileReference; fileEncoding = 4; lastKnownFileType = sourcecode.swift; path = RegisterPageViewController.swift; sourceTree = "<group>"; };
		56AB66AF1E351D9900ADF4C1 /* LoginViewController.swift */ = {isa = PBXFileReference; fileEncoding = 4; lastKnownFileType = sourcecode.swift; path = LoginViewController.swift; sourceTree = "<group>"; };
		69FADA9D271ABABC629E4E9E /* Pods-Lock_v1Tests.debug.xcconfig */ = {isa = PBXFileReference; includeInIndex = 1; lastKnownFileType = text.xcconfig; name = "Pods-Lock_v1Tests.debug.xcconfig"; path = "Pods/Target Support Files/Pods-Lock_v1Tests/Pods-Lock_v1Tests.debug.xcconfig"; sourceTree = "<group>"; };
		6DD1E9D7C7DB71AB326F277B /* Pods-Lock_v1Tests.release.xcconfig */ = {isa = PBXFileReference; includeInIndex = 1; lastKnownFileType = text.xcconfig; name = "Pods-Lock_v1Tests.release.xcconfig"; path = "Pods/Target Support Files/Pods-Lock_v1Tests/Pods-Lock_v1Tests.release.xcconfig"; sourceTree = "<group>"; };
		9D36824FFA0D4952BFF375CD /* Pods_Lock_v1Tests.framework */ = {isa = PBXFileReference; explicitFileType = wrapper.framework; includeInIndex = 0; path = Pods_Lock_v1Tests.framework; sourceTree = BUILT_PRODUCTS_DIR; };
		D21DACDACDB8205EDE83E9E7 /* Pods-Lock_v1UITests.debug.xcconfig */ = {isa = PBXFileReference; includeInIndex = 1; lastKnownFileType = text.xcconfig; name = "Pods-Lock_v1UITests.debug.xcconfig"; path = "Pods/Target Support Files/Pods-Lock_v1UITests/Pods-Lock_v1UITests.debug.xcconfig"; sourceTree = "<group>"; };
		F65BECB7ADA23E8BBDD48221 /* Pods_Lock_v1.framework */ = {isa = PBXFileReference; explicitFileType = wrapper.framework; includeInIndex = 0; path = Pods_Lock_v1.framework; sourceTree = BUILT_PRODUCTS_DIR; };
/* End PBXFileReference section */

/* Begin PBXFrameworksBuildPhase section */
		561C18C61E01ED76006172E5 /* Frameworks */ = {
			isa = PBXFrameworksBuildPhase;
			buildActionMask = 2147483647;
			files = (
				B6A0C16F41F6DCB30A761B48 /* Pods_Lock_v1.framework in Frameworks */,
			);
			runOnlyForDeploymentPostprocessing = 0;
		};
		561C18DA1E01ED76006172E5 /* Frameworks */ = {
			isa = PBXFrameworksBuildPhase;
			buildActionMask = 2147483647;
			files = (
				B02E82310BF50D969D1E5667 /* Pods_Lock_v1Tests.framework in Frameworks */,
			);
			runOnlyForDeploymentPostprocessing = 0;
		};
		561C18E51E01ED76006172E5 /* Frameworks */ = {
			isa = PBXFrameworksBuildPhase;
			buildActionMask = 2147483647;
			files = (
				2CFC5D5F9CA7569173A43B60 /* Pods_Lock_v1UITests.framework in Frameworks */,
			);
			runOnlyForDeploymentPostprocessing = 0;
		};
/* End PBXFrameworksBuildPhase section */

/* Begin PBXGroup section */
		054FD96FE1A3F328FBCE23C4 /* Frameworks */ = {
			isa = PBXGroup;
			children = (
				F65BECB7ADA23E8BBDD48221 /* Pods_Lock_v1.framework */,
				9D36824FFA0D4952BFF375CD /* Pods_Lock_v1Tests.framework */,
				28E6CDCDFC09E2EB536BF1F2 /* Pods_Lock_v1UITests.framework */,
			);
			name = Frameworks;
			sourceTree = "<group>";
		};
		561C18C01E01ED76006172E5 = {
			isa = PBXGroup;
			children = (
				561C18FA1E031224006172E5 /* Default-568h@2x.png */,
				561C18CB1E01ED76006172E5 /* Lock_v1 */,
				561C18E01E01ED76006172E5 /* Lock_v1Tests */,
				561C18EB1E01ED76006172E5 /* Lock_v1UITests */,
				561C18CA1E01ED76006172E5 /* Products */,
				C3B8A3FB7F537AA5CDFB834A /* Pods */,
				054FD96FE1A3F328FBCE23C4 /* Frameworks */,
			);
			sourceTree = "<group>";
		};
		561C18CA1E01ED76006172E5 /* Products */ = {
			isa = PBXGroup;
			children = (
				561C18C91E01ED76006172E5 /* Lock_v1.app */,
				561C18DD1E01ED76006172E5 /* Lock_v1Tests.xctest */,
				561C18E81E01ED76006172E5 /* Lock_v1UITests.xctest */,
			);
			name = Products;
			sourceTree = "<group>";
		};
		561C18CB1E01ED76006172E5 /* Lock_v1 */ = {
			isa = PBXGroup;
			children = (
				561C18CC1E01ED76006172E5 /* AppDelegate.swift */,
				561C18CE1E01ED76006172E5 /* ViewController.swift */,
				561C18D01E01ED76006172E5 /* Main.storyboard */,
				561C18D31E01ED76006172E5 /* Assets.xcassets */,
				561C18D51E01ED76006172E5 /* LaunchScreen.storyboard */,
				561C18D81E01ED76006172E5 /* Info.plist */,
				5671E1951E3792900031AD69 /* AdminToolsViewController.swift */,
				56AB66AD1E351A3700ADF4C1 /* RegisterPageViewController.swift */,
				56AB66AF1E351D9900ADF4C1 /* LoginViewController.swift */,
			);
			path = Lock_v1;
			sourceTree = "<group>";
		};
		561C18E01E01ED76006172E5 /* Lock_v1Tests */ = {
			isa = PBXGroup;
			children = (
				561C18E11E01ED76006172E5 /* Lock_v1Tests.swift */,
				561C18E31E01ED76006172E5 /* Info.plist */,
			);
			path = Lock_v1Tests;
			sourceTree = "<group>";
		};
		561C18EB1E01ED76006172E5 /* Lock_v1UITests */ = {
			isa = PBXGroup;
			children = (
				561C18EC1E01ED76006172E5 /* Lock_v1UITests.swift */,
				561C18EE1E01ED76006172E5 /* Info.plist */,
			);
			path = Lock_v1UITests;
			sourceTree = "<group>";
		};
		C3B8A3FB7F537AA5CDFB834A /* Pods */ = {
			isa = PBXGroup;
			children = (
				51B68BD5C2C6D9222187BD15 /* Pods-Lock_v1.debug.xcconfig */,
				2DD6F65FACAA0021065E65B1 /* Pods-Lock_v1.release.xcconfig */,
				69FADA9D271ABABC629E4E9E /* Pods-Lock_v1Tests.debug.xcconfig */,
				6DD1E9D7C7DB71AB326F277B /* Pods-Lock_v1Tests.release.xcconfig */,
				D21DACDACDB8205EDE83E9E7 /* Pods-Lock_v1UITests.debug.xcconfig */,
				3EB13707D712DD1BDC1B1CC0 /* Pods-Lock_v1UITests.release.xcconfig */,
			);
			name = Pods;
			sourceTree = "<group>";
		};
/* End PBXGroup section */

/* Begin PBXNativeTarget section */
		561C18C81E01ED76006172E5 /* Lock_v1 */ = {
			isa = PBXNativeTarget;
			buildConfigurationList = 561C18F11E01ED76006172E5 /* Build configuration list for PBXNativeTarget "Lock_v1" */;
			buildPhases = (
				1A5EC110B97577BB3DC69F41 /* [CP] Check Pods Manifest.lock */,
				561C18C51E01ED76006172E5 /* Sources */,
				561C18C61E01ED76006172E5 /* Frameworks */,
				561C18C71E01ED76006172E5 /* Resources */,
				BB9183A5B5044121F30291CD /* [CP] Embed Pods Frameworks */,
				0ACA4D8F824E752D02C370BD /* [CP] Copy Pods Resources */,
			);
			buildRules = (
			);
			dependencies = (
			);
			name = Lock_v1;
			productName = Lock_v1;
			productReference = 561C18C91E01ED76006172E5 /* Lock_v1.app */;
			productType = "com.apple.product-type.application";
		};
		561C18DC1E01ED76006172E5 /* Lock_v1Tests */ = {
			isa = PBXNativeTarget;
			buildConfigurationList = 561C18F41E01ED76006172E5 /* Build configuration list for PBXNativeTarget "Lock_v1Tests" */;
			buildPhases = (
				D002F5C3682F8AD9DFCB7FC6 /* [CP] Check Pods Manifest.lock */,
				561C18D91E01ED76006172E5 /* Sources */,
				561C18DA1E01ED76006172E5 /* Frameworks */,
				561C18DB1E01ED76006172E5 /* Resources */,
				B627F2F3A1D2D68545F57204 /* [CP] Embed Pods Frameworks */,
				02C3228B814BA7CDAF91AE5B /* [CP] Copy Pods Resources */,
			);
			buildRules = (
			);
			dependencies = (
				561C18DF1E01ED76006172E5 /* PBXTargetDependency */,
			);
			name = Lock_v1Tests;
			productName = Lock_v1Tests;
			productReference = 561C18DD1E01ED76006172E5 /* Lock_v1Tests.xctest */;
			productType = "com.apple.product-type.bundle.unit-test";
		};
		561C18E71E01ED76006172E5 /* Lock_v1UITests */ = {
			isa = PBXNativeTarget;
			buildConfigurationList = 561C18F71E01ED76006172E5 /* Build configuration list for PBXNativeTarget "Lock_v1UITests" */;
			buildPhases = (
				B5E1550260441C9BD2CF8C43 /* [CP] Check Pods Manifest.lock */,
				561C18E41E01ED76006172E5 /* Sources */,
				561C18E51E01ED76006172E5 /* Frameworks */,
				561C18E61E01ED76006172E5 /* Resources */,
				695A338C164CA1C643804B61 /* [CP] Embed Pods Frameworks */,
				893DC8125E0AD6D76BC9C0D2 /* [CP] Copy Pods Resources */,
			);
			buildRules = (
			);
			dependencies = (
				561C18EA1E01ED76006172E5 /* PBXTargetDependency */,
			);
			name = Lock_v1UITests;
			productName = Lock_v1UITests;
			productReference = 561C18E81E01ED76006172E5 /* Lock_v1UITests.xctest */;
			productType = "com.apple.product-type.bundle.ui-testing";
		};
/* End PBXNativeTarget section */

/* Begin PBXProject section */
		561C18C11E01ED76006172E5 /* Project object */ = {
			isa = PBXProject;
			attributes = {
				LastSwiftUpdateCheck = 0810;
				LastUpgradeCheck = 0820;
				ORGANIZATIONNAME = "Nikhil Vedi";
				TargetAttributes = {
					561C18C81E01ED76006172E5 = {
						CreatedOnToolsVersion = 8.1;
						DevelopmentTeam = 9XS2J9AH36;
						ProvisioningStyle = Automatic;
					};
					561C18DC1E01ED76006172E5 = {
						CreatedOnToolsVersion = 8.1;
						ProvisioningStyle = Automatic;
						TestTargetID = 561C18C81E01ED76006172E5;
					};
					561C18E71E01ED76006172E5 = {
						CreatedOnToolsVersion = 8.1;
						ProvisioningStyle = Automatic;
						TestTargetID = 561C18C81E01ED76006172E5;
					};
				};
			};
			buildConfigurationList = 561C18C41E01ED76006172E5 /* Build configuration list for PBXProject "Lock_v1" */;
			compatibilityVersion = "Xcode 3.2";
			developmentRegion = English;
			hasScannedForEncodings = 0;
			knownRegions = (
				en,
				Base,
			);
			mainGroup = 561C18C01E01ED76006172E5;
			productRefGroup = 561C18CA1E01ED76006172E5 /* Products */;
			projectDirPath = "";
			projectRoot = "";
			targets = (
				561C18C81E01ED76006172E5 /* Lock_v1 */,
				561C18DC1E01ED76006172E5 /* Lock_v1Tests */,
				561C18E71E01ED76006172E5 /* Lock_v1UITests */,
			);
		};
/* End PBXProject section */

/* Begin PBXResourcesBuildPhase section */
		561C18C71E01ED76006172E5 /* Resources */ = {
			isa = PBXResourcesBuildPhase;
			buildActionMask = 2147483647;
			files = (
				561C18D71E01ED76006172E5 /* LaunchScreen.storyboard in Resources */,
				561C18FB1E031224006172E5 /* Default-568h@2x.png in Resources */,
				561C18D41E01ED76006172E5 /* Assets.xcassets in Resources */,
				561C18D21E01ED76006172E5 /* Main.storyboard in Resources */,
			);
			runOnlyForDeploymentPostprocessing = 0;
		};
		561C18DB1E01ED76006172E5 /* Resources */ = {
			isa = PBXResourcesBuildPhase;
			buildActionMask = 2147483647;
			files = (
			);
			runOnlyForDeploymentPostprocessing = 0;
		};
		561C18E61E01ED76006172E5 /* Resources */ = {
			isa = PBXResourcesBuildPhase;
			buildActionMask = 2147483647;
			files = (
			);
			runOnlyForDeploymentPostprocessing = 0;
		};
/* End PBXResourcesBuildPhase section */

/* Begin PBXShellScriptBuildPhase section */
		02C3228B814BA7CDAF91AE5B /* [CP] Copy Pods Resources */ = {
			isa = PBXShellScriptBuildPhase;
			buildActionMask = 2147483647;
			files = (
			);
			inputPaths = (
			);
			name = "[CP] Copy Pods Resources";
			outputPaths = (
			);
			runOnlyForDeploymentPostprocessing = 0;
			shellPath = /bin/sh;
			shellScript = "\"${SRCROOT}/Pods/Target Support Files/Pods-Lock_v1Tests/Pods-Lock_v1Tests-resources.sh\"\n";
			showEnvVarsInLog = 0;
		};
		0ACA4D8F824E752D02C370BD /* [CP] Copy Pods Resources */ = {
			isa = PBXShellScriptBuildPhase;
			buildActionMask = 2147483647;
			files = (
			);
			inputPaths = (
			);
			name = "[CP] Copy Pods Resources";
			outputPaths = (
			);
			runOnlyForDeploymentPostprocessing = 0;
			shellPath = /bin/sh;
			shellScript = "\"${SRCROOT}/Pods/Target Support Files/Pods-Lock_v1/Pods-Lock_v1-resources.sh\"\n";
			showEnvVarsInLog = 0;
		};
		1A5EC110B97577BB3DC69F41 /* [CP] Check Pods Manifest.lock */ = {
			isa = PBXShellScriptBuildPhase;
			buildActionMask = 2147483647;
			files = (
			);
			inputPaths = (
			);
			name = "[CP] Check Pods Manifest.lock";
			outputPaths = (
			);
			runOnlyForDeploymentPostprocessing = 0;
			shellPath = /bin/sh;
			shellScript = "diff \"${PODS_ROOT}/../Podfile.lock\" \"${PODS_ROOT}/Manifest.lock\" > /dev/null\nif [ $? != 0 ] ; then\n    # print error to STDERR\n    echo \"error: The sandbox is not in sync with the Podfile.lock. Run 'pod install' or update your CocoaPods installation.\" >&2\n    exit 1\nfi\n";
			showEnvVarsInLog = 0;
		};
		695A338C164CA1C643804B61 /* [CP] Embed Pods Frameworks */ = {
			isa = PBXShellScriptBuildPhase;
			buildActionMask = 2147483647;
			files = (
			);
			inputPaths = (
			);
			name = "[CP] Embed Pods Frameworks";
			outputPaths = (
			);
			runOnlyForDeploymentPostprocessing = 0;
			shellPath = /bin/sh;
			shellScript = "\"${SRCROOT}/Pods/Target Support Files/Pods-Lock_v1UITests/Pods-Lock_v1UITests-frameworks.sh\"\n";
			showEnvVarsInLog = 0;
		};
		893DC8125E0AD6D76BC9C0D2 /* [CP] Copy Pods Resources */ = {
			isa = PBXShellScriptBuildPhase;
			buildActionMask = 2147483647;
			files = (
			);
			inputPaths = (
			);
			name = "[CP] Copy Pods Resources";
			outputPaths = (
			);
			runOnlyForDeploymentPostprocessing = 0;
			shellPath = /bin/sh;
			shellScript = "\"${SRCROOT}/Pods/Target Support Files/Pods-Lock_v1UITests/Pods-Lock_v1UITests-resources.sh\"\n";
			showEnvVarsInLog = 0;
		};
		B5E1550260441C9BD2CF8C43 /* [CP] Check Pods Manifest.lock */ = {
			isa = PBXShellScriptBuildPhase;
			buildActionMask = 2147483647;
			files = (
			);
			inputPaths = (
			);
			name = "[CP] Check Pods Manifest.lock";
			outputPaths = (
			);
			runOnlyForDeploymentPostprocessing = 0;
			shellPath = /bin/sh;
			shellScript = "diff \"${PODS_ROOT}/../Podfile.lock\" \"${PODS_ROOT}/Manifest.lock\" > /dev/null\nif [ $? != 0 ] ; then\n    # print error to STDERR\n    echo \"error: The sandbox is not in sync with the Podfile.lock. Run 'pod install' or update your CocoaPods installation.\" >&2\n    exit 1\nfi\n";
			showEnvVarsInLog = 0;
		};
		B627F2F3A1D2D68545F57204 /* [CP] Embed Pods Frameworks */ = {
			isa = PBXShellScriptBuildPhase;
			buildActionMask = 2147483647;
			files = (
			);
			inputPaths = (
			);
			name = "[CP] Embed Pods Frameworks";
			outputPaths = (
			);
			runOnlyForDeploymentPostprocessing = 0;
			shellPath = /bin/sh;
			shellScript = "\"${SRCROOT}/Pods/Target Support Files/Pods-Lock_v1Tests/Pods-Lock_v1Tests-frameworks.sh\"\n";
			showEnvVarsInLog = 0;
		};
		BB9183A5B5044121F30291CD /* [CP] Embed Pods Frameworks */ = {
			isa = PBXShellScriptBuildPhase;
			buildActionMask = 2147483647;
			files = (
			);
			inputPaths = (
			);
			name = "[CP] Embed Pods Frameworks";
			outputPaths = (
			);
			runOnlyForDeploymentPostprocessing = 0;
			shellPath = /bin/sh;
			shellScript = "\"${SRCROOT}/Pods/Target Support Files/Pods-Lock_v1/Pods-Lock_v1-frameworks.sh\"\n";
			showEnvVarsInLog = 0;
		};
		D002F5C3682F8AD9DFCB7FC6 /* [CP] Check Pods Manifest.lock */ = {
			isa = PBXShellScriptBuildPhase;
			buildActionMask = 2147483647;
			files = (
			);
			inputPaths = (
			);
			name = "[CP] Check Pods Manifest.lock";
			outputPaths = (
			);
			runOnlyForDeploymentPostprocessing = 0;
			shellPath = /bin/sh;
			shellScript = "diff \"${PODS_ROOT}/../Podfile.lock\" \"${PODS_ROOT}/Manifest.lock\" > /dev/null\nif [ $? != 0 ] ; then\n    # print error to STDERR\n    echo \"error: The sandbox is not in sync with the Podfile.lock. Run 'pod install' or update your CocoaPods installation.\" >&2\n    exit 1\nfi\n";
			showEnvVarsInLog = 0;
		};
/* End PBXShellScriptBuildPhase section */

/* Begin PBXSourcesBuildPhase section */
		561C18C51E01ED76006172E5 /* Sources */ = {
			isa = PBXSourcesBuildPhase;
			buildActionMask = 2147483647;
			files = (
				56AB66B01E351D9900ADF4C1 /* LoginViewController.swift in Sources */,
				561C18CF1E01ED76006172E5 /* ViewController.swift in Sources */,
				561C18CD1E01ED76006172E5 /* AppDelegate.swift in Sources */,
				5671E1961E3792900031AD69 /* AdminToolsViewController.swift in Sources */,
				56AB66AE1E351A3700ADF4C1 /* RegisterPageViewController.swift in Sources */,
			);
			runOnlyForDeploymentPostprocessing = 0;
		};
		561C18D91E01ED76006172E5 /* Sources */ = {
			isa = PBXSourcesBuildPhase;
			buildActionMask = 2147483647;
			files = (
				561C18E21E01ED76006172E5 /* Lock_v1Tests.swift in Sources */,
			);
			runOnlyForDeploymentPostprocessing = 0;
		};
		561C18E41E01ED76006172E5 /* Sources */ = {
			isa = PBXSourcesBuildPhase;
			buildActionMask = 2147483647;
			files = (
				561C18ED1E01ED76006172E5 /* Lock_v1UITests.swift in Sources */,
			);
			runOnlyForDeploymentPostprocessing = 0;
		};
/* End PBXSourcesBuildPhase section */

/* Begin PBXTargetDependency section */
		561C18DF1E01ED76006172E5 /* PBXTargetDependency */ = {
			isa = PBXTargetDependency;
			target = 561C18C81E01ED76006172E5 /* Lock_v1 */;
			targetProxy = 561C18DE1E01ED76006172E5 /* PBXContainerItemProxy */;
		};
		561C18EA1E01ED76006172E5 /* PBXTargetDependency */ = {
			isa = PBXTargetDependency;
			target = 561C18C81E01ED76006172E5 /* Lock_v1 */;
			targetProxy = 561C18E91E01ED76006172E5 /* PBXContainerItemProxy */;
		};
/* End PBXTargetDependency section */

/* Begin PBXVariantGroup section */
		561C18D01E01ED76006172E5 /* Main.storyboard */ = {
			isa = PBXVariantGroup;
			children = (
				561C18D11E01ED76006172E5 /* Base */,
			);
			name = Main.storyboard;
			sourceTree = "<group>";
		};
		561C18D51E01ED76006172E5 /* LaunchScreen.storyboard */ = {
			isa = PBXVariantGroup;
			children = (
				561C18D61E01ED76006172E5 /* Base */,
			);
			name = LaunchScreen.storyboard;
			sourceTree = "<group>";
		};
/* End PBXVariantGroup section */

/* Begin XCBuildConfiguration section */
		561C18EF1E01ED76006172E5 /* Debug */ = {
			isa = XCBuildConfiguration;
			buildSettings = {
				ALWAYS_SEARCH_USER_PATHS = NO;
				CLANG_ANALYZER_NONNULL = YES;
				CLANG_CXX_LANGUAGE_STANDARD = "gnu++0x";
				CLANG_CXX_LIBRARY = "libc++";
				CLANG_ENABLE_MODULES = YES;
				CLANG_ENABLE_OBJC_ARC = YES;
				CLANG_WARN_BOOL_CONVERSION = YES;
				CLANG_WARN_CONSTANT_CONVERSION = YES;
				CLANG_WARN_DIRECT_OBJC_ISA_USAGE = YES_ERROR;
				CLANG_WARN_DOCUMENTATION_COMMENTS = YES;
				CLANG_WARN_EMPTY_BODY = YES;
				CLANG_WARN_ENUM_CONVERSION = YES;
				CLANG_WARN_INFINITE_RECURSION = YES;
				CLANG_WARN_INT_CONVERSION = YES;
				CLANG_WARN_OBJC_ROOT_CLASS = YES_ERROR;
				CLANG_WARN_SUSPICIOUS_MOVE = YES;
				CLANG_WARN_SUSPICIOUS_MOVES = YES;
				CLANG_WARN_UNREACHABLE_CODE = YES;
				CLANG_WARN__DUPLICATE_METHOD_MATCH = YES;
				"CODE_SIGN_IDENTITY[sdk=iphoneos*]" = "iPhone Developer";
				COPY_PHASE_STRIP = NO;
				DEBUG_INFORMATION_FORMAT = dwarf;
				ENABLE_STRICT_OBJC_MSGSEND = YES;
				ENABLE_TESTABILITY = YES;
				GCC_C_LANGUAGE_STANDARD = gnu99;
				GCC_DYNAMIC_NO_PIC = NO;
				GCC_NO_COMMON_BLOCKS = YES;
				GCC_OPTIMIZATION_LEVEL = 0;
				GCC_PREPROCESSOR_DEFINITIONS = (
					"DEBUG=1",
					"$(inherited)",
				);
				GCC_WARN_64_TO_32_BIT_CONVERSION = YES;
				GCC_WARN_ABOUT_RETURN_TYPE = YES_ERROR;
				GCC_WARN_UNDECLARED_SELECTOR = YES;
				GCC_WARN_UNINITIALIZED_AUTOS = YES_AGGRESSIVE;
				GCC_WARN_UNUSED_FUNCTION = YES;
				GCC_WARN_UNUSED_VARIABLE = YES;
				IPHONEOS_DEPLOYMENT_TARGET = 10.2;
				MTL_ENABLE_DEBUG_INFO = YES;
				ONLY_ACTIVE_ARCH = YES;
				SDKROOT = iphoneos;
				SWIFT_ACTIVE_COMPILATION_CONDITIONS = DEBUG;
				SWIFT_OPTIMIZATION_LEVEL = "-Onone";
			};
			name = Debug;
		};
		561C18F01E01ED76006172E5 /* Release */ = {
			isa = XCBuildConfiguration;
			buildSettings = {
				ALWAYS_SEARCH_USER_PATHS = NO;
				CLANG_ANALYZER_NONNULL = YES;
				CLANG_CXX_LANGUAGE_STANDARD = "gnu++0x";
				CLANG_CXX_LIBRARY = "libc++";
				CLANG_ENABLE_MODULES = YES;
				CLANG_ENABLE_OBJC_ARC = YES;
				CLANG_WARN_BOOL_CONVERSION = YES;
				CLANG_WARN_CONSTANT_CONVERSION = YES;
				CLANG_WARN_DIRECT_OBJC_ISA_USAGE = YES_ERROR;
				CLANG_WARN_DOCUMENTATION_COMMENTS = YES;
				CLANG_WARN_EMPTY_BODY = YES;
				CLANG_WARN_ENUM_CONVERSION = YES;
				CLANG_WARN_INFINITE_RECURSION = YES;
				CLANG_WARN_INT_CONVERSION = YES;
				CLANG_WARN_OBJC_ROOT_CLASS = YES_ERROR;
				CLANG_WARN_SUSPICIOUS_MOVE = YES;
				CLANG_WARN_SUSPICIOUS_MOVES = YES;
				CLANG_WARN_UNREACHABLE_CODE = YES;
				CLANG_WARN__DUPLICATE_METHOD_MATCH = YES;
				"CODE_SIGN_IDENTITY[sdk=iphoneos*]" = "iPhone Developer";
				COPY_PHASE_STRIP = NO;
				DEBUG_INFORMATION_FORMAT = "dwarf-with-dsym";
				ENABLE_NS_ASSERTIONS = NO;
				ENABLE_STRICT_OBJC_MSGSEND = YES;
				GCC_C_LANGUAGE_STANDARD = gnu99;
				GCC_NO_COMMON_BLOCKS = YES;
				GCC_WARN_64_TO_32_BIT_CONVERSION = YES;
				GCC_WARN_ABOUT_RETURN_TYPE = YES_ERROR;
				GCC_WARN_UNDECLARED_SELECTOR = YES;
				GCC_WARN_UNINITIALIZED_AUTOS = YES_AGGRESSIVE;
				GCC_WARN_UNUSED_FUNCTION = YES;
				GCC_WARN_UNUSED_VARIABLE = YES;
				IPHONEOS_DEPLOYMENT_TARGET = 10.2;
				MTL_ENABLE_DEBUG_INFO = NO;
				SDKROOT = iphoneos;
				SWIFT_OPTIMIZATION_LEVEL = "-Owholemodule";
				VALIDATE_PRODUCT = YES;
			};
			name = Release;
		};
		561C18F21E01ED76006172E5 /* Debug */ = {
			isa = XCBuildConfiguration;
			baseConfigurationReference = 51B68BD5C2C6D9222187BD15 /* Pods-Lock_v1.debug.xcconfig */;
			buildSettings = {
				ALWAYS_EMBED_SWIFT_STANDARD_LIBRARIES = YES;
				ASSETCATALOG_COMPILER_APPICON_NAME = AppIcon;
				DEVELOPMENT_TEAM = 9XS2J9AH36;
				INFOPLIST_FILE = Lock_v1/Info.plist;
				IPHONEOS_DEPLOYMENT_TARGET = 10.2;
				LD_RUNPATH_SEARCH_PATHS = "$(inherited) @executable_path/Frameworks";
				PRODUCT_BUNDLE_IDENTIFIER = "CO.UK.nikhilvedi.Lock-v1";
				PRODUCT_NAME = "$(TARGET_NAME)";
				SWIFT_VERSION = 3.0;
			};
			name = Debug;
		};
		561C18F31E01ED76006172E5 /* Release */ = {
			isa = XCBuildConfiguration;
			baseConfigurationReference = 2DD6F65FACAA0021065E65B1 /* Pods-Lock_v1.release.xcconfig */;
			buildSettings = {
				ALWAYS_EMBED_SWIFT_STANDARD_LIBRARIES = YES;
				ASSETCATALOG_COMPILER_APPICON_NAME = AppIcon;
				DEVELOPMENT_TEAM = 9XS2J9AH36;
				INFOPLIST_FILE = Lock_v1/Info.plist;
				IPHONEOS_DEPLOYMENT_TARGET = 10.2;
				LD_RUNPATH_SEARCH_PATHS = "$(inherited) @executable_path/Frameworks";
				PRODUCT_BUNDLE_IDENTIFIER = "CO.UK.nikhilvedi.Lock-v1";
				PRODUCT_NAME = "$(TARGET_NAME)";
				SWIFT_VERSION = 3.0;
			};
			name = Release;
		};
		561C18F51E01ED76006172E5 /* Debug */ = {
			isa = XCBuildConfiguration;
			baseConfigurationReference = 69FADA9D271ABABC629E4E9E /* Pods-Lock_v1Tests.debug.xcconfig */;
			buildSettings = {
				ALWAYS_EMBED_SWIFT_STANDARD_LIBRARIES = YES;
				BUNDLE_LOADER = "$(TEST_HOST)";
				INFOPLIST_FILE = Lock_v1Tests/Info.plist;
				LD_RUNPATH_SEARCH_PATHS = "$(inherited) @executable_path/Frameworks @loader_path/Frameworks";
				PRODUCT_BUNDLE_IDENTIFIER = "CO.UK.nikhilvedi.Lock-v1Tests";
				PRODUCT_NAME = "$(TARGET_NAME)";
				SWIFT_VERSION = 3.0;
				TEST_HOST = "$(BUILT_PRODUCTS_DIR)/Lock_v1.app/Lock_v1";
			};
			name = Debug;
		};
		561C18F61E01ED76006172E5 /* Release */ = {
			isa = XCBuildConfiguration;
			baseConfigurationReference = 6DD1E9D7C7DB71AB326F277B /* Pods-Lock_v1Tests.release.xcconfig */;
			buildSettings = {
				ALWAYS_EMBED_SWIFT_STANDARD_LIBRARIES = YES;
				BUNDLE_LOADER = "$(TEST_HOST)";
				INFOPLIST_FILE = Lock_v1Tests/Info.plist;
				LD_RUNPATH_SEARCH_PATHS = "$(inherited) @executable_path/Frameworks @loader_path/Frameworks";
				PRODUCT_BUNDLE_IDENTIFIER = "CO.UK.nikhilvedi.Lock-v1Tests";
				PRODUCT_NAME = "$(TARGET_NAME)";
				SWIFT_VERSION = 3.0;
				TEST_HOST = "$(BUILT_PRODUCTS_DIR)/Lock_v1.app/Lock_v1";
			};
			name = Release;
		};
		561C18F81E01ED76006172E5 /* Debug */ = {
			isa = XCBuildConfiguration;
			baseConfigurationReference = D21DACDACDB8205EDE83E9E7 /* Pods-Lock_v1UITests.debug.xcconfig */;
			buildSettings = {
				ALWAYS_EMBED_SWIFT_STANDARD_LIBRARIES = YES;
				INFOPLIST_FILE = Lock_v1UITests/Info.plist;
				LD_RUNPATH_SEARCH_PATHS = "$(inherited) @executable_path/Frameworks @loader_path/Frameworks";
				PRODUCT_BUNDLE_IDENTIFIER = "CO.UK.nikhilvedi.Lock-v1UITests";
				PRODUCT_NAME = "$(TARGET_NAME)";
				SWIFT_VERSION = 3.0;
				TEST_TARGET_NAME = Lock_v1;
			};
			name = Debug;
		};
		561C18F91E01ED76006172E5 /* Release */ = {
			isa = XCBuildConfiguration;
			baseConfigurationReference = 3EB13707D712DD1BDC1B1CC0 /* Pods-Lock_v1UITests.release.xcconfig */;
			buildSettings = {
				ALWAYS_EMBED_SWIFT_STANDARD_LIBRARIES = YES;
				INFOPLIST_FILE = Lock_v1UITests/Info.plist;
				LD_RUNPATH_SEARCH_PATHS = "$(inherited) @executable_path/Frameworks @loader_path/Frameworks";
				PRODUCT_BUNDLE_IDENTIFIER = "CO.UK.nikhilvedi.Lock-v1UITests";
				PRODUCT_NAME = "$(TARGET_NAME)";
				SWIFT_VERSION = 3.0;
				TEST_TARGET_NAME = Lock_v1;
			};
			name = Release;
		};
/* End XCBuildConfiguration section */

/* Begin XCConfigurationList section */
		561C18C41E01ED76006172E5 /* Build configuration list for PBXProject "Lock_v1" */ = {
			isa = XCConfigurationList;
			buildConfigurations = (
				561C18EF1E01ED76006172E5 /* Debug */,
				561C18F01E01ED76006172E5 /* Release */,
			);
			defaultConfigurationIsVisible = 0;
			defaultConfigurationName = Release;
		};
		561C18F11E01ED76006172E5 /* Build configuration list for PBXNativeTarget "Lock_v1" */ = {
			isa = XCConfigurationList;
			buildConfigurations = (
				561C18F21E01ED76006172E5 /* Debug */,
				561C18F31E01ED76006172E5 /* Release */,
			);
			defaultConfigurationIsVisible = 0;
			defaultConfigurationName = Release;
		};
		561C18F41E01ED76006172E5 /* Build configuration list for PBXNativeTarget "Lock_v1Tests" */ = {
			isa = XCConfigurationList;
			buildConfigurations = (
				561C18F51E01ED76006172E5 /* Debug */,
				561C18F61E01ED76006172E5 /* Release */,
			);
			defaultConfigurationIsVisible = 0;
			defaultConfigurationName = Release;
		};
		561C18F71E01ED76006172E5 /* Build configuration list for PBXNativeTarget "Lock_v1UITests" */ = {
			isa = XCConfigurationList;
			buildConfigurations = (
				561C18F81E01ED76006172E5 /* Debug */,
				561C18F91E01ED76006172E5 /* Release */,
			);
			defaultConfigurationIsVisible = 0;
			defaultConfigurationName = Release;
		};
/* End XCConfigurationList section */
	};
	rootObject = 561C18C11E01ED76006172E5 /* Project object */;
}
